
Microsoft Visual Studio Solution File, Format Version 12.00
# Visual Studio Version 16
VisualStudioVersion = 16.0.31321.278
MinimumVisualStudioVersion = 10.0.40219.1
Project("{FAE04EC0-301F-11D3-BF4B-00C04F79EFBC}") = "BDDLabs.Lobo", "BDDLabs.Lobo\BDDLabs.Lobo.csproj", "{1861E341-E84A-473F-BBC5-F4B864E7AC37}"
EndProject
Global
	GlobalSection(SolutionConfigurationPlatforms) = preSolution
		Debug|Any CPU = Debug|Any CPU
		Release|Any CPU = Release|Any CPU
	EndGlobalSection
	GlobalSection(ProjectConfigurationPlatforms) = postSolution
		{1861E341-E84A-473F-BBC5-F4B864E7AC37}.Debug|Any CPU.ActiveCfg = Debug|Any CPU
		{1861E341-E84A-473F-BBC5-F4B864E7AC37}.Debug|Any CPU.Build.0 = Debug|Any CPU
		{1861E341-E84A-473F-BBC5-F4B864E7AC37}.Release|Any CPU.ActiveCfg = Release|Any CPU
		{1861E341-E84A-473F-BBC5-F4B864E7AC37}.Release|Any CPU.Build.0 = Release|Any CPU
	EndGlobalSection
	GlobalSection(SolutionProperties) = preSolution
		HideSolutionNode = FALSE
	EndGlobalSection
	GlobalSection(ExtensibilityGlobals) = postSolution
		SolutionGuid = {FD1CC711-0E5A-4CFF-AA9F-B6273B5736DB}
	EndGlobalSection
EndGlobal
